- type: entity
  parent: [ClothingHandsBase, BaseSecurityContraband]
  id: ClothingHandsGlovesMansusBlock
  name: Telekinetic gloves
  description: This strange pair of gloves blocks their owner's ability to use Mansul's powers. The team of priests made sure that they could not be removed without someone's help.
  components:
  - type: Sprite
    sprite: _Pirate/Clothing/Hands/Gloves/marsulbloskgloves.rsi
  - type: Clothing
    sprite: _Pirate/Clothing/Hands/Gloves/marsulbloskgloves.rsi
    stripDelay: 10
    equipDelay: 5
  - type: Fiber
    fiberMaterial: fibers-black
  - type: MansusBlock
  - type: SelfUnremovableClothing
