# SPDX-License-Identifier: AGPL-3.0-or-later

- type: entity
  id: FirelockElectronics
  parent: BaseElectronics
  name: "електроніка вогневого шлюзу"
  description: "Електронна плата, що використовується для виявлення різниці в тиску, температурі та концентрації газу між двома сторонами дверей."
  components:
    - type: Item
      storedRotation: 0
    - type: Sprite
      sprite: Objects/Misc/module.rsi
      state: mainboard
    - type: Tag
      tags:
      - DroneUsable # Goobstation
      - FirelockElectronics
    - type: StaticPrice
      price: 61
    - type: PhysicalComposition
      materialComposition:
        Glass: 0
      chemicalComposition:
        Silicon: 20