- type: entity
  parent: BaseItem
  id: ObraDinnClock
  name: "годинник страхового оцінювача"
  description: "стара реліквія, що, здається, цокає назад"
  components:
  - type: Sprite
    sprite: _Goobstation/Objects/Specific/Security/Obradinnclock.rsi
    state: icon
  - type: Item
    sprite: _Goobstation/Objects/Specific/Security/Obradinnclock.rsi
    size: Small
  - type: ObraDinnClock
